// !$*UTF8*$!
{
	archiveVersion = 1;
	classes = {
	};
	objectVersion = 56;
	objects = {

/* Begin PBXBuildFile section */
		3D7FBC2829E9DC21007C5D83 /* ExpenseTracker_SwiftUIApp.swift in Sources */ = {isa = PBXBuildFile; fileRef = 3D7FBC2729E9DC21007C5D83 /* ExpenseTracker_SwiftUIApp.swift */; };
		3D7FBC2A29E9DC21007C5D83 /* ContentView.swift in Sources */ = {isa = PBXBuildFile; fileRef = 3D7FBC2929E9DC21007C5D83 /* ContentView.swift */; };
		3D7FBC2C29E9DC23007C5D83 /* Assets.xcassets in Resources */ = {isa = PBXBuildFile; fileRef = 3D7FBC2B29E9DC23007C5D83 /* Assets.xcassets */; };
		3D7FBC2F29E9DC23007C5D83 /* Preview Assets.xcassets in Resources */ = {isa = PBXBuildFile; fileRef = 3D7FBC2E29E9DC23007C5D83 /* Preview Assets.xcassets */; };
		3D7FBC3729E9DE2D007C5D83 /* Expense.swift in Sources */ = {isa = PBXBuildFile; fileRef = 3D7FBC3629E9DE2D007C5D83 /* Expense.swift */; };
		3D7FBC3A29E9DF46007C5D83 /* Home.swift in Sources */ = {isa = PBXBuildFile; fileRef = 3D7FBC3929E9DF46007C5D83 /* Home.swift */; };
		3D7FBC3C29E9E39F007C5D83 /* SpeedoMeter.swift in Sources */ = {isa = PBXBuildFile; fileRef = 3D7FBC3B29E9E39F007C5D83 /* SpeedoMeter.swift */; };
		3D7FBC3E29E9E93E007C5D83 /* IndicatorShape.swift in Sources */ = {isa = PBXBuildFile; fileRef = 3D7FBC3D29E9E93E007C5D83 /* IndicatorShape.swift */; };
		3DDACA7129EBBB620043FCF4 /* AnimatedNumberText.swift in Sources */ = {isa = PBXBuildFile; fileRef = 3DDACA7029EBBB620043FCF4 /* AnimatedNumberText.swift */; };
/* End PBXBuildFile section */

/* Begin PBXFileReference section */
		3D7FBC2429E9DC21007C5D83 /* ExpenseTracker-SwiftUI.app */ = {isa = PBXFileReference; explicitFileType = wrapper.application; includeInIndex = 0; path = "ExpenseTracker-SwiftUI.app"; sourceTree = BUILT_PRODUCTS_DIR; };
		3D7FBC2729E9DC21007C5D83 /* ExpenseTracker_SwiftUIApp.swift */ = {isa = PBXFileReference; lastKnownFileType = sourcecode.swift; path = ExpenseTracker_SwiftUIApp.swift; sourceTree = "<group>"; };
		3D7FBC2929E9DC21007C5D83 /* ContentView.swift */ = {isa = PBXFileReference; lastKnownFileType = sourcecode.swift; path = ContentView.swift; sourceTree = "<group>"; };
		3D7FBC2B29E9DC23007C5D83 /* Assets.xcassets */ = {isa = PBXFileReference; lastKnownFileType = folder.assetcatalog; path = Assets.xcassets; sourceTree = "<group>"; };
		3D7FBC2E29E9DC23007C5D83 /* Preview Assets.xcassets */ = {isa = PBXFileReference; lastKnownFileType = folder.assetcatalog; path = "Preview Assets.xcassets"; sourceTree = "<group>"; };
		3D7FBC3629E9DE2D007C5D83 /* Expense.swift */ = {isa = PBXFileReference; lastKnownFileType = sourcecode.swift; path = Expense.swift; sourceTree = "<group>"; };
		3D7FBC3929E9DF46007C5D83 /* Home.swift */ = {isa = PBXFileReference; lastKnownFileType = sourcecode.swift; path = Home.swift; sourceTree = "<group>"; };
		3D7FBC3B29E9E39F007C5D83 /* SpeedoMeter.swift */ = {isa = PBXFileReference; lastKnownFileType = sourcecode.swift; path = SpeedoMeter.swift; sourceTree = "<group>"; };
		3D7FBC3D29E9E93E007C5D83 /* IndicatorShape.swift */ = {isa = PBXFileReference; lastKnownFileType = sourcecode.swift; path = IndicatorShape.swift; sourceTree = "<group>"; };
		3DDACA7029EBBB620043FCF4 /* AnimatedNumberText.swift */ = {isa = PBXFileReference; lastKnownFileType = sourcecode.swift; path = AnimatedNumberText.swift; sourceTree = "<group>"; };
/* End PBXFileReference section */

/* Begin PBXFrameworksBuildPhase section */
		3D7FBC2129E9DC21007C5D83 /* Frameworks */ = {
			isa = PBXFrameworksBuildPhase;
			buildActionMask = 2147483647;
			files = (
			);
			runOnlyForDeploymentPostprocessing = 0;
		};
/* End PBXFrameworksBuildPhase section */

/* Begin PBXGroup section */
		3D7FBC1B29E9DC21007C5D83 = {
			isa = PBXGroup;
			children = (
				3D7FBC2629E9DC21007C5D83 /* ExpenseTracker-SwiftUI */,
				3D7FBC2529E9DC21007C5D83 /* Products */,
			);
			sourceTree = "<group>";
		};
		3D7FBC2529E9DC21007C5D83 /* Products */ = {
			isa = PBXGroup;
			children = (
				3D7FBC2429E9DC21007C5D83 /* ExpenseTracker-SwiftUI.app */,
			);
			name = Products;
			sourceTree = "<group>";
		};
		3D7FBC2629E9DC21007C5D83 /* ExpenseTracker-SwiftUI */ = {
			isa = PBXGroup;
			children = (
				3D7FBC3829E9DF3B007C5D83 /* View */,
				3D7FBC3529E9DE1E007C5D83 /* Modal */,
				3D7FBC2729E9DC21007C5D83 /* ExpenseTracker_SwiftUIApp.swift */,
				3D7FBC2929E9DC21007C5D83 /* ContentView.swift */,
				3D7FBC2B29E9DC23007C5D83 /* Assets.xcassets */,
				3D7FBC2D29E9DC23007C5D83 /* Preview Content */,
			);
			path = "ExpenseTracker-SwiftUI";
			sourceTree = "<group>";
		};
		3D7FBC2D29E9DC23007C5D83 /* Preview Content */ = {
			isa = PBXGroup;
			children = (
				3D7FBC2E29E9DC23007C5D83 /* Preview Assets.xcassets */,
			);
			path = "Preview Content";
			sourceTree = "<group>";
		};
		3D7FBC3529E9DE1E007C5D83 /* Modal */ = {
			isa = PBXGroup;
			children = (
				3D7FBC3629E9DE2D007C5D83 /* Expense.swift */,
			);
			path = Modal;
			sourceTree = "<group>";
		};
		3D7FBC3829E9DF3B007C5D83 /* View */ = {
			isa = PBXGroup;
			children = (
				3D7FBC3929E9DF46007C5D83 /* Home.swift */,
				3D7FBC3B29E9E39F007C5D83 /* SpeedoMeter.swift */,
				3D7FBC3D29E9E93E007C5D83 /* IndicatorShape.swift */,
				3DDACA7029EBBB620043FCF4 /* AnimatedNumberText.swift */,
			);
			path = View;
			sourceTree = "<group>";
		};
/* End PBXGroup section */

/* Begin PBXNativeTarget section */
		3D7FBC2329E9DC21007C5D83 /* ExpenseTracker-SwiftUI */ = {
			isa = PBXNativeTarget;
			buildConfigurationList = 3D7FBC3229E9DC23007C5D83 /* Build configuration list for PBXNativeTarget "ExpenseTracker-SwiftUI" */;
			buildPhases = (
				3D7FBC2029E9DC21007C5D83 /* Sources */,
				3D7FBC2129E9DC21007C5D83 /* Frameworks */,
				3D7FBC2229E9DC21007C5D83 /* Resources */,
			);
			buildRules = (
			);
			dependencies = (
			);
			name = "ExpenseTracker-SwiftUI";
			productName = "ExpenseTracker-SwiftUI";
			productReference = 3D7FBC2429E9DC21007C5D83 /* ExpenseTracker-SwiftUI.app */;
			productType = "com.apple.product-type.application";
		};
/* End PBXNativeTarget section */

/* Begin PBXProject section */
		3D7FBC1C29E9DC21007C5D83 /* Project object */ = {
			isa = PBXProject;
			attributes = {
				BuildIndependentTargetsInParallel = 1;
				LastSwiftUpdateCheck = 1420;
				LastUpgradeCheck = 1420;
				TargetAttributes = {
					3D7FBC2329E9DC21007C5D83 = {
						CreatedOnToolsVersion = 14.2;
					};
				};
			};
			buildConfigurationList = 3D7FBC1F29E9DC21007C5D83 /* Build configuration list for PBXProject "ExpenseTracker-SwiftUI" */;
			compatibilityVersion = "Xcode 14.0";
			developmentRegion = en;
			hasScannedForEncodings = 0;
			knownRegions = (
				en,
				Base,
			);
			mainGroup = 3D7FBC1B29E9DC21007C5D83;
			productRefGroup = 3D7FBC2529E9DC21007C5D83 /* Products */;
			projectDirPath = "";
			projectRoot = "";
			targets = (
				3D7FBC2329E9DC21007C5D83 /* ExpenseTracker-SwiftUI */,
			);
		};
/* End PBXProject section */

/* Begin PBXResourcesBuildPhase section */
		3D7FBC2229E9DC21007C5D83 /* Resources */ = {
			isa = PBXResourcesBuildPhase;
			buildActionMask = 2147483647;
			files = (
				3D7FBC2F29E9DC23007C5D83 /* Preview Assets.xcassets in Resources */,
				3D7FBC2C29E9DC23007C5D83 /* Assets.xcassets in Resources */,
			);
			runOnlyForDeploymentPostprocessing = 0;
		};
/* End PBXResourcesBuildPhase section */

/* Begin PBXSourcesBuildPhase section */
		3D7FBC2029E9DC21007C5D83 /* Sources */ = {
			isa = PBXSourcesBuildPhase;
			buildActionMask = 2147483647;
			files = (
				3DDACA7129EBBB620043FCF4 /* AnimatedNumberText.swift in Sources */,
				3D7FBC3729E9DE2D007C5D83 /* Expense.swift in Sources */,
				3D7FBC2A29E9DC21007C5D83 /* ContentView.swift in Sources */,
				3D7FBC3C29E9E39F007C5D83 /* SpeedoMeter.swift in Sources */,
				3D7FBC3A29E9DF46007C5D83 /* Home.swift in Sources */,
				3D7FBC2829E9DC21007C5D83 /* ExpenseTracker_SwiftUIApp.swift in Sources */,
				3D7FBC3E29E9E93E007C5D83 /* IndicatorShape.swift in Sources */,
			);
			runOnlyForDeploymentPostprocessing = 0;
		};
/* End PBXSourcesBuildPhase section */

/* Begin XCBuildConfiguration section */
		3D7FBC3029E9DC23007C5D83 /* Debug */ = {
			isa = XCBuildConfiguration;
			buildSettings = {
				ALWAYS_SEARCH_USER_PATHS = NO;
				CLANG_ANALYZER_NONNULL = YES;
				CLANG_ANALYZER_NUMBER_OBJECT_CONVERSION = YES_AGGRESSIVE;
				CLANG_CXX_LANGUAGE_STANDARD = "gnu++20";
				CLANG_ENABLE_MODULES = YES;
				CLANG_ENABLE_OBJC_ARC = YES;
				CLANG_ENABLE_OBJC_WEAK = YES;
				CLANG_WARN_BLOCK_CAPTURE_AUTORELEASING = YES;
				CLANG_WARN_BOOL_CONVERSION = YES;
				CLANG_WARN_COMMA = YES;
				CLANG_WARN_CONSTANT_CONVERSION = YES;
				CLANG_WARN_DEPRECATED_OBJC_IMPLEMENTATIONS = YES;
				CLANG_WARN_DIRECT_OBJC_ISA_USAGE = YES_ERROR;
				CLANG_WARN_DOCUMENTATION_COMMENTS = YES;
				CLANG_WARN_EMPTY_BODY = YES;
				CLANG_WARN_ENUM_CONVERSION = YES;
				CLANG_WARN_INFINITE_RECURSION = YES;
				CLANG_WARN_INT_CONVERSION = YES;
				CLANG_WARN_NON_LITERAL_NULL_CONVERSION = YES;
				CLANG_WARN_OBJC_IMPLICIT_RETAIN_SELF = YES;
				CLANG_WARN_OBJC_LITERAL_CONVERSION = YES;
				CLANG_WARN_OBJC_ROOT_CLASS = YES_ERROR;
				CLANG_WARN_QUOTED_INCLUDE_IN_FRAMEWORK_HEADER = YES;
				CLANG_WARN_RANGE_LOOP_ANALYSIS = YES;
				CLANG_WARN_STRICT_PROTOTYPES = YES;
				CLANG_WARN_SUSPICIOUS_MOVE = YES;
				CLANG_WARN_UNGUARDED_AVAILABILITY = YES_AGGRESSIVE;
				CLANG_WARN_UNREACHABLE_CODE = YES;
				CLANG_WARN__DUPLICATE_METHOD_MATCH = YES;
				COPY_PHASE_STRIP = NO;
				DEBUG_INFORMATION_FORMAT = dwarf;
				ENABLE_STRICT_OBJC_MSGSEND = YES;
				ENABLE_TESTABILITY = YES;
				GCC_C_LANGUAGE_STANDARD = gnu11;
				GCC_DYNAMIC_NO_PIC = NO;
				GCC_NO_COMMON_BLOCKS = YES;
				GCC_OPTIMIZATION_LEVEL = 0;
				GCC_PREPROCESSOR_DEFINITIONS = (
					"DEBUG=1",
					"$(inherited)",
				);
				GCC_WARN_64_TO_32_BIT_CONVERSION = YES;
				GCC_WARN_ABOUT_RETURN_TYPE = YES_ERROR;
				GCC_WARN_UNDECLARED_SELECTOR = YES;
				GCC_WARN_UNINITIALIZED_AUTOS = YES_AGGRESSIVE;
				GCC_WARN_UNUSED_FUNCTION = YES;
				GCC_WARN_UNUSED_VARIABLE = YES;
				IPHONEOS_DEPLOYMENT_TARGET = 16.2;
				MTL_ENABLE_DEBUG_INFO = INCLUDE_SOURCE;
				MTL_FAST_MATH = YES;
				ONLY_ACTIVE_ARCH = YES;
				SDKROOT = iphoneos;
				SWIFT_ACTIVE_COMPILATION_CONDITIONS = DEBUG;
				SWIFT_OPTIMIZATION_LEVEL = "-Onone";
			};
			name = Debug;
		};
		3D7FBC3129E9DC23007C5D83 /* Release */ = {
			isa = XCBuildConfiguration;
			buildSettings = {
				ALWAYS_SEARCH_USER_PATHS = NO;
				CLANG_ANALYZER_NONNULL = YES;
				CLANG_ANALYZER_NUMBER_OBJECT_CONVERSION = YES_AGGRESSIVE;
				CLANG_CXX_LANGUAGE_STANDARD = "gnu++20";
				CLANG_ENABLE_MODULES = YES;
				CLANG_ENABLE_OBJC_ARC = YES;
				CLANG_ENABLE_OBJC_WEAK = YES;
				CLANG_WARN_BLOCK_CAPTURE_AUTORELEASING = YES;
				CLANG_WARN_BOOL_CONVERSION = YES;
				CLANG_WARN_COMMA = YES;
				CLANG_WARN_CONSTANT_CONVERSION = YES;
				CLANG_WARN_DEPRECATED_OBJC_IMPLEMENTATIONS = YES;
				CLANG_WARN_DIRECT_OBJC_ISA_USAGE = YES_ERROR;
				CLANG_WARN_DOCUMENTATION_COMMENTS = YES;
				CLANG_WARN_EMPTY_BODY = YES;
				CLANG_WARN_ENUM_CONVERSION = YES;
				CLANG_WARN_INFINITE_RECURSION = YES;
				CLANG_WARN_INT_CONVERSION = YES;
				CLANG_WARN_NON_LITERAL_NULL_CONVERSION = YES;
				CLANG_WARN_OBJC_IMPLICIT_RETAIN_SELF = YES;
				CLANG_WARN_OBJC_LITERAL_CONVERSION = YES;
				CLANG_WARN_OBJC_ROOT_CLASS = YES_ERROR;
				CLANG_WARN_QUOTED_INCLUDE_IN_FRAMEWORK_HEADER = YES;
				CLANG_WARN_RANGE_LOOP_ANALYSIS = YES;
				CLANG_WARN_STRICT_PROTOTYPES = YES;
				CLANG_WARN_SUSPICIOUS_MOVE = YES;
				CLANG_WARN_UNGUARDED_AVAILABILITY = YES_AGGRESSIVE;
				CLANG_WARN_UNREACHABLE_CODE = YES;
				CLANG_WARN__DUPLICATE_METHOD_MATCH = YES;
				COPY_PHASE_STRIP = NO;
				DEBUG_INFORMATION_FORMAT = "dwarf-with-dsym";
				ENABLE_NS_ASSERTIONS = NO;
				ENABLE_STRICT_OBJC_MSGSEND = YES;
				GCC_C_LANGUAGE_STANDARD = gnu11;
				GCC_NO_COMMON_BLOCKS = YES;
				GCC_WARN_64_TO_32_BIT_CONVERSION = YES;
				GCC_WARN_ABOUT_RETURN_TYPE = YES_ERROR;
				GCC_WARN_UNDECLARED_SELECTOR = YES;
				GCC_WARN_UNINITIALIZED_AUTOS = YES_AGGRESSIVE;
				GCC_WARN_UNUSED_FUNCTION = YES;
				GCC_WARN_UNUSED_VARIABLE = YES;
				IPHONEOS_DEPLOYMENT_TARGET = 16.2;
				MTL_ENABLE_DEBUG_INFO = NO;
				MTL_FAST_MATH = YES;
				SDKROOT = iphoneos;
				SWIFT_COMPILATION_MODE = wholemodule;
				SWIFT_OPTIMIZATION_LEVEL = "-O";
				VALIDATE_PRODUCT = YES;
			};
			name = Release;
		};
		3D7FBC3329E9DC23007C5D83 /* Debug */ = {
			isa = XCBuildConfiguration;
			buildSettings = {
				ASSETCATALOG_COMPILER_APPICON_NAME = AppIcon;
				ASSETCATALOG_COMPILER_GLOBAL_ACCENT_COLOR_NAME = AccentColor;
				CODE_SIGN_STYLE = Automatic;
				CURRENT_PROJECT_VERSION = 1;
				DEVELOPMENT_ASSET_PATHS = "\"ExpenseTracker-SwiftUI/Preview Content\"";
				ENABLE_PREVIEWS = YES;
				GENERATE_INFOPLIST_FILE = YES;
				INFOPLIST_KEY_UIApplicationSceneManifest_Generation = YES;
				INFOPLIST_KEY_UIApplicationSupportsIndirectInputEvents = YES;
				INFOPLIST_KEY_UILaunchScreen_Generation = YES;
				INFOPLIST_KEY_UISupportedInterfaceOrientations_iPad = "UIInterfaceOrientationPortrait UIInterfaceOrientationPortraitUpsideDown UIInterfaceOrientationLandscapeLeft UIInterfaceOrientationLandscapeRight";
				INFOPLIST_KEY_UISupportedInterfaceOrientations_iPhone = "UIInterfaceOrientationPortrait UIInterfaceOrientationLandscapeLeft UIInterfaceOrientationLandscapeRight";
				LD_RUNPATH_SEARCH_PATHS = (
					"$(inherited)",
					"@executable_path/Frameworks",
				);
				MARKETING_VERSION = 1.0;
				PRODUCT_BUNDLE_IDENTIFIER = "com.beta.expense.tracker.v2.app.ExpenseTracker-SwiftUI";
				PRODUCT_NAME = "$(TARGET_NAME)";
				SWIFT_EMIT_LOC_STRINGS = YES;
				SWIFT_VERSION = 5.0;
				TARGETED_DEVICE_FAMILY = "1,2";
			};
			name = Debug;
		};
		3D7FBC3429E9DC23007C5D83 /* Release */ = {
			isa = XCBuildConfiguration;
			buildSettings = {
				ASSETCATALOG_COMPILER_APPICON_NAME = AppIcon;
				ASSETCATALOG_COMPILER_GLOBAL_ACCENT_COLOR_NAME = AccentColor;
				CODE_SIGN_STYLE = Automatic;
				CURRENT_PROJECT_VERSION = 1;
				DEVELOPMENT_ASSET_PATHS = "\"ExpenseTracker-SwiftUI/Preview Content\"";
				ENABLE_PREVIEWS = YES;
				GENERATE_INFOPLIST_FILE = YES;
				INFOPLIST_KEY_UIApplicationSceneManifest_Generation = YES;
				INFOPLIST_KEY_UIApplicationSupportsIndirectInputEvents = YES;
				INFOPLIST_KEY_UILaunchScreen_Generation = YES;
				INFOPLIST_KEY_UISupportedInterfaceOrientations_iPad = "UIInterfaceOrientationPortrait UIInterfaceOrientationPortraitUpsideDown UIInterfaceOrientationLandscapeLeft UIInterfaceOrientationLandscapeRight";
				INFOPLIST_KEY_UISupportedInterfaceOrientations_iPhone = "UIInterfaceOrientationPortrait UIInterfaceOrientationLandscapeLeft UIInterfaceOrientationLandscapeRight";
				LD_RUNPATH_SEARCH_PATHS = (
					"$(inherited)",
					"@executable_path/Frameworks",
				);
				MARKETING_VERSION = 1.0;
				PRODUCT_BUNDLE_IDENTIFIER = "com.beta.expense.tracker.v2.app.ExpenseTracker-SwiftUI";
				PRODUCT_NAME = "$(TARGET_NAME)";
				SWIFT_EMIT_LOC_STRINGS = YES;
				SWIFT_VERSION = 5.0;
				TARGETED_DEVICE_FAMILY = "1,2";
			};
			name = Release;
		};
/* End XCBuildConfiguration section */

/* Begin XCConfigurationList section */
		3D7FBC1F29E9DC21007C5D83 /* Build configuration list for PBXProject "ExpenseTracker-SwiftUI" */ = {
			isa = XCConfigurationList;
			buildConfigurations = (
				3D7FBC3029E9DC23007C5D83 /* Debug */,
				3D7FBC3129E9DC23007C5D83 /* Release */,
			);
			defaultConfigurationIsVisible = 0;
			defaultConfigurationName = Release;
		};
		3D7FBC3229E9DC23007C5D83 /* Build configuration list for PBXNativeTarget "ExpenseTracker-SwiftUI" */ = {
			isa = XCConfigurationList;
			buildConfigurations = (
				3D7FBC3329E9DC23007C5D83 /* Debug */,
				3D7FBC3429E9DC23007C5D83 /* Release */,
			);
			defaultConfigurationIsVisible = 0;
			defaultConfigurationName = Release;
		};
/* End XCConfigurationList section */
	};
	rootObject = 3D7FBC1C29E9DC21007C5D83 /* Project object */;
}
